PODS:
  - Alamofire (4.7.0)
  - Berry (0.1.9)
  - CDAlertView (0.8.0)
  - DropDown (2.3.1)
  - Dropdowns (2.0.0)
  - Firebase/Core (4.10.1):
    - FirebaseAnalytics (= 4.1.0)
    - FirebaseCore (= 4.0.17)
  - Firebase/Messaging (4.10.1):
    - Firebase/Core
    - FirebaseMessaging (= 2.1.1)
  - FirebaseAnalytics (4.1.0):
    - FirebaseCore (~> 4.0)
    - FirebaseInstanceID (~> 2.0)
    - GoogleToolboxForMac/NSData+zlib (~> 2.1)
    - nanopb (~> 0.3)
  - FirebaseCore (4.0.17):
    - GoogleToolboxForMac/NSData+zlib (~> 2.1)
  - FirebaseInstanceID (2.0.9):
    - FirebaseCore (~> 4.0)
  - FirebaseMessaging (2.1.1):
    - FirebaseAnalytics (~> 4.1)
    - FirebaseCore (~> 4.0)
    - FirebaseInstanceID (~> 2.0)
    - GoogleToolboxForMac/Logger (~> 2.1)
    - Protobuf (~> 3.5)
  - GoogleMaps (2.6.0):
    - GoogleMaps/Maps (= 2.6.0)
  - GoogleMaps/Base (2.6.0)
  - GoogleMaps/Maps (2.6.0):
    - GoogleMaps/Base
  - GooglePlaces (2.6.0):
    - GoogleMaps/Base (= 2.6.0)
  - GoogleToolboxForMac/Defines (2.1.3)
  - GoogleToolboxForMac/Logger (2.1.3):
    - GoogleToolboxForMac/Defines (= 2.1.3)
  - GoogleToolboxForMac/NSData+zlib (2.1.3):
    - GoogleToolboxForMac/Defines (= 2.1.3)
  - lottie-ios (2.5.0)
  - nanopb (0.3.8):
    - nanopb/decode (= 0.3.8)
    - nanopb/encode (= 0.3.8)
  - nanopb/decode (0.3.8)
  - nanopb/encode (0.3.8)
  - NVActivityIndicatorView (4.1.1):
    - NVActivityIndicatorView/Presenter (= 4.1.1)
  - NVActivityIndicatorView/Presenter (4.1.1)
  - PocketSVG (2.4.0)
  - Protobuf (3.5.0)
  - RAMAnimatedTabBarController (3.0.4)
  - SBCardPopup (0.2.1)
  - Segmentio (3.0)
  - SideMenu (3.1.5)
  - Socket.IO-Client-Swift (13.1.2):
    - Starscream (~> 3.0.2)
  - Starscream (3.0.4)
  - SwiftSVG (2.1.5)
  - SwiftyJSON (4.0.0)

DEPENDENCIES:
  - Alamofire
  - Berry
  - CDAlertView
  - DropDown
  - Dropdowns
  - Firebase/Core
  - Firebase/Messaging
  - GoogleMaps
  - GooglePlaces
  - lottie-ios
  - NVActivityIndicatorView
  - PocketSVG
  - RAMAnimatedTabBarController
  - SBCardPopup
  - Segmentio
  - SideMenu
  - Socket.IO-Client-Swift
  - SwiftSVG
  - SwiftyJSON

SPEC CHECKSUMS:
  Alamofire: 907e0a98eb68cdb7f9d1f541a563d6ac5dc77b25
  Berry: 58b9001a7f2de37b8fefc3f7728f4499044da1de
  CDAlertView: 018c5d8acc0b1b207a0c473a11c975b060f53f39
  DropDown: 20499c7b2731b0d21609af924e47c7677a2be50d
  Dropdowns: 9dd32d9ac9cc59e56ae093b588d35477abde32d2
  Firebase: 92c6ba593e32db0defde464a9adc981d5cb49f97
  FirebaseAnalytics: 3dfae28d4a5e06f86c4fae830efc2ad3fadb19bc
  FirebaseCore: 872307b001bbefda1dfa0dbfffa50a6919023d4a
  FirebaseInstanceID: d2058a35e9bebda1b6dd42486b84917bde552a9d
  FirebaseMessaging: db0e01c52ef7e1f42846431273558107d084ede4
  GoogleMaps: 42f91c68b7fa2f84d5c86597b18ceb99f5414c7f
  GooglePlaces: f6ddf33b75cef69e888907d9947c57198ed845f3
  GoogleToolboxForMac: 2501e2ad72a52eb3dfe7bd9aee7dad11b858bd20
  lottie-ios: d699fdee68d7b63e721d949388b015fef1aaa4ac
  nanopb: 5601e6bca2dbf1ed831b519092ec110f66982ca3
  NVActivityIndicatorView: 60109b9bf46efc2e71ab81453196ccdfdfeea870
  PocketSVG: 8ac7b20a881ca1a3d46ba1e54ee2b0f2307c3d48
  Protobuf: 8a9838fba8dae3389230e1b7f8c104aa32389c03
  RAMAnimatedTabBarController: f4df798eb3f374b80448908d3a18586421efb8f6
  SBCardPopup: faef88a31d5df9561e4d4b57cbd899e4f775d1cf
  Segmentio: 1607fba3b42230f5f91e997d1a3f337f1176674c
  SideMenu: 47dbf9e4d878062d8994aed43f6e4bf6c1fea30b
  Socket.IO-Client-Swift: 010d2f464bdd1849b859c0cd0500d68194401ac8
  Starscream: f5da93fe6984c77b694366bf7299b7dc63a76f26
  SwiftSVG: 9d78f41396a921c210ce9898ada05c85d412acb8
  SwiftyJSON: 070dabdcb1beb81b247c65ffa3a79dbbfb3b48aa

PODFILE CHECKSUM: 39a24d54c76313b92157cd849c9f1aaa02b29057

COCOAPODS: 1.4.0
